
Microsoft Visual Studio Solution File, Format Version 12.00
# Visual Studio Version 17
VisualStudioVersion = 17.11.35431.28
MinimumVisualStudioVersion = 10.0.40219.1
Project("{FAE04EC0-301F-11D3-BF4B-00C04F79EFBC}") = "HotelAPI", "HotelAPI\HotelAPI.csproj", "{68CEBF22-B205-40BC-B46F-8914BE031B31}"
EndProject
Global
	GlobalSection(SolutionConfigurationPlatforms) = preSolution
		Debug|Any CPU = Debug|Any CPU
		Release|Any CPU = Release|Any CPU
	EndGlobalSection
	GlobalSection(ProjectConfigurationPlatforms) = postSolution
		{68CEBF22-B205-40BC-B46F-8914BE031B31}.Debug|Any CPU.ActiveCfg = Debug|Any CPU
		{68CEBF22-B205-40BC-B46F-8914BE031B31}.Debug|Any CPU.Build.0 = Debug|Any CPU
		{68CEBF22-B205-40BC-B46F-8914BE031B31}.Release|Any CPU.ActiveCfg = Release|Any CPU
		{68CEBF22-B205-40BC-B46F-8914BE031B31}.Release|Any CPU.Build.0 = Release|Any CPU
	EndGlobalSection
	GlobalSection(SolutionProperties) = preSolution
		HideSolutionNode = FALSE
	EndGlobalSection
	GlobalSection(ExtensibilityGlobals) = postSolution
		SolutionGuid = {B50F0B48-6EF6-4370-AA79-2C30E7D14686}
	EndGlobalSection
EndGlobal
